
Microsoft Visual Studio Solution File, Format Version 12.00
# Visual Studio 15
Project("{FAE04EC0-301F-11D3-BF4B-00C04F79EFBC}") = "Assembly-CSharp", "Assembly-CSharp.csproj", "{48D60077-041C-41A2-6736-5EA6E6E7BFCC}"
EndProject
Global
	GlobalSection(SolutionConfigurationPlatforms) = preSolution
		Debug|Any CPU = Debug|Any CPU
		Release|Any CPU = Release|Any CPU
	EndGlobalSection
	GlobalSection(ProjectConfigurationPlatforms) = postSolution
		{48D60077-041C-41A2-6736-5EA6E6E7BFCC}.Debug|Any CPU.ActiveCfg = Debug|Any CPU
		{48D60077-041C-41A2-6736-5EA6E6E7BFCC}.Debug|Any CPU.Build.0 = Debug|Any CPU
		{48D60077-041C-41A2-6736-5EA6E6E7BFCC}.Release|Any CPU.ActiveCfg = Release|Any CPU
		{48D60077-041C-41A2-6736-5EA6E6E7BFCC}.Release|Any CPU.Build.0 = Release|Any CPU
	EndGlobalSection
	GlobalSection(SolutionProperties) = preSolution
		HideSolutionNode = FALSE
	EndGlobalSection
EndGlobal
